
Microsoft Visual Studio Solution File, Format Version 12.00
# Visual Studio Version 16
VisualStudioVersion = 16.0.30114.105
MinimumVisualStudioVersion = 10.0.40219.1
Project("{FAE04EC0-301F-11D3-BF4B-00C04F79EFBC}") = "random-console-test-net-core", "random-console-test-net-core.csproj", "{1B15E748-F867-4065-8E7B-1F037F131BD8}"
EndProject
Global
	GlobalSection(SolutionConfigurationPlatforms) = preSolution
		Debug|Any CPU = Debug|Any CPU
		Release|Any CPU = Release|Any CPU
	EndGlobalSection
	GlobalSection(ProjectConfigurationPlatforms) = postSolution
		{1B15E748-F867-4065-8E7B-1F037F131BD8}.Debug|Any CPU.ActiveCfg = Debug|Any CPU
		{1B15E748-F867-4065-8E7B-1F037F131BD8}.Debug|Any CPU.Build.0 = Debug|Any CPU
		{1B15E748-F867-4065-8E7B-1F037F131BD8}.Release|Any CPU.ActiveCfg = Release|Any CPU
		{1B15E748-F867-4065-8E7B-1F037F131BD8}.Release|Any CPU.Build.0 = Release|Any CPU
	EndGlobalSection
	GlobalSection(SolutionProperties) = preSolution
		HideSolutionNode = FALSE
	EndGlobalSection
	GlobalSection(ExtensibilityGlobals) = postSolution
		SolutionGuid = {A29D7759-41B4-4B1C-889E-274B82C81C5D}
	EndGlobalSection
EndGlobal
